
Microsoft Visual Studio Solution File, Format Version 12.00
# Visual Studio Version 17
VisualStudioVersion = 17.0.31912.275
MinimumVisualStudioVersion = 10.0.40219.1
Project("{FAE04EC0-301F-11D3-BF4B-00C04F79EFBC}") = "DesafioBackendApi", "DesafioBackendApi\DesafioBackendApi.csproj", "{9CE14B06-5814-4F6B-9974-7258B7F0517E}"
EndProject
Global
	GlobalSection(SolutionConfigurationPlatforms) = preSolution
		Debug|Any CPU = Debug|Any CPU
		Release|Any CPU = Release|Any CPU
	EndGlobalSection
	GlobalSection(ProjectConfigurationPlatforms) = postSolution
		{9CE14B06-5814-4F6B-9974-7258B7F0517E}.Debug|Any CPU.ActiveCfg = Debug|Any CPU
		{9CE14B06-5814-4F6B-9974-7258B7F0517E}.Debug|Any CPU.Build.0 = Debug|Any CPU
		{9CE14B06-5814-4F6B-9974-7258B7F0517E}.Release|Any CPU.ActiveCfg = Release|Any CPU
		{9CE14B06-5814-4F6B-9974-7258B7F0517E}.Release|Any CPU.Build.0 = Release|Any CPU
	EndGlobalSection
	GlobalSection(SolutionProperties) = preSolution
		HideSolutionNode = FALSE
	EndGlobalSection
	GlobalSection(ExtensibilityGlobals) = postSolution
		SolutionGuid = {561D230B-AA36-40BB-B322-9E1F01611833}
	EndGlobalSection
EndGlobal
